
Microsoft Visual Studio Solution File, Format Version 12.00
# Visual Studio Version 18
VisualStudioVersion = 18.9.12112.369
MinimumVisualStudioVersion = 10.0.40219.1
Project("{FAE04EC0-301F-11D3-BF4B-00C04F79EFBC}") = "NSXVeriKurtarmaPro", "src\NSXVeriKurtarmaPro\NSXVeriKurtarmaPro.csproj", "{6B06A651-BB6D-4C10-A2F9-0EF05AEF1E47}"
EndProject
Project("{FAE04EC0-301F-11D3-BF4B-00C04F79EFBC}") = "NSXVeriKurtarmaPro.Updater", "src\NSXVeriKurtarmaPro\NSXVeriKurtarmaPro.Updater\NSXVeriKurtarmaPro.Updater.csproj", "{C986D7E1-9A4F-4AF4-8D83-10C3C4F3A941}"
EndProject
Project("{2150E333-8FDC-42A3-9474-1A3956D46DE8}") = "tests", "tests", "{0AB3BF05-4346-4AA6-1389-037BE0695223}"
EndProject
Project("{FAE04EC0-301F-11D3-BF4B-00C04F79EFBC}") = "NSXVeriKurtarmaPro.VideoBenchmarks", "tests\NSXVeriKurtarmaPro.VideoBenchmarks\NSXVeriKurtarmaPro.VideoBenchmarks.csproj", "{105DC501-922E-48BE-AC70-3EB07B6CB95A}"
EndProject
Project("{2150E333-8FDC-42A3-9474-1A3956D46DE8}") = "src", "src", "{827E0CD3-B72D-47B6-A68D-7590B98EB39B}"
EndProject
Global
	GlobalSection(SolutionConfigurationPlatforms) = preSolution
		Debug|Any CPU = Debug|Any CPU
		Debug|x64 = Debug|x64
		Debug|x86 = Debug|x86
		Release|Any CPU = Release|Any CPU
		Release|x64 = Release|x64
		Release|x86 = Release|x86
	EndGlobalSection
	GlobalSection(ProjectConfigurationPlatforms) = postSolution
		{6B06A651-BB6D-4C10-A2F9-0EF05AEF1E47}.Debug|Any CPU.ActiveCfg = Debug|Any CPU
		{6B06A651-BB6D-4C10-A2F9-0EF05AEF1E47}.Debug|Any CPU.Build.0 = Debug|Any CPU
		{6B06A651-BB6D-4C10-A2F9-0EF05AEF1E47}.Debug|x64.ActiveCfg = Debug|Any CPU
		{6B06A651-BB6D-4C10-A2F9-0EF05AEF1E47}.Debug|x64.Build.0 = Debug|Any CPU
		{6B06A651-BB6D-4C10-A2F9-0EF05AEF1E47}.Debug|x86.ActiveCfg = Debug|Any CPU
		{6B06A651-BB6D-4C10-A2F9-0EF05AEF1E47}.Debug|x86.Build.0 = Debug|Any CPU
		{6B06A651-BB6D-4C10-A2F9-0EF05AEF1E47}.Release|Any CPU.ActiveCfg = Release|Any CPU
		{6B06A651-BB6D-4C10-A2F9-0EF05AEF1E47}.Release|Any CPU.Build.0 = Release|Any CPU
		{6B06A651-BB6D-4C10-A2F9-0EF05AEF1E47}.Release|x64.ActiveCfg = Release|Any CPU
		{6B06A651-BB6D-4C10-A2F9-0EF05AEF1E47}.Release|x64.Build.0 = Release|Any CPU
		{6B06A651-BB6D-4C10-A2F9-0EF05AEF1E47}.Release|x86.ActiveCfg = Release|Any CPU
		{6B06A651-BB6D-4C10-A2F9-0EF05AEF1E47}.Release|x86.Build.0 = Release|Any CPU
		{105DC501-922E-48BE-AC70-3EB07B6CB95A}.Debug|Any CPU.ActiveCfg = Debug|Any CPU
		{105DC501-922E-48BE-AC70-3EB07B6CB95A}.Debug|Any CPU.Build.0 = Debug|Any CPU
		{105DC501-922E-48BE-AC70-3EB07B6CB95A}.Debug|x64.ActiveCfg = Debug|Any CPU
		{105DC501-922E-48BE-AC70-3EB07B6CB95A}.Debug|x64.Build.0 = Debug|Any CPU
		{105DC501-922E-48BE-AC70-3EB07B6CB95A}.Debug|x86.ActiveCfg = Debug|Any CPU
		{105DC501-922E-48BE-AC70-3EB07B6CB95A}.Debug|x86.Build.0 = Debug|Any CPU
		{105DC501-922E-48BE-AC70-3EB07B6CB95A}.Release|Any CPU.ActiveCfg = Release|Any CPU
		{105DC501-922E-48BE-AC70-3EB07B6CB95A}.Release|Any CPU.Build.0 = Release|Any CPU
		{105DC501-922E-48BE-AC70-3EB07B6CB95A}.Release|x64.ActiveCfg = Release|Any CPU
		{105DC501-922E-48BE-AC70-3EB07B6CB95A}.Release|x64.Build.0 = Release|Any CPU
		{105DC501-922E-48BE-AC70-3EB07B6CB95A}.Release|x86.ActiveCfg = Release|Any CPU
		{105DC501-922E-48BE-AC70-3EB07B6CB95A}.Release|x86.Build.0 = Release|Any CPU
		{C986D7E1-9A4F-4AF4-8D83-10C3C4F3A941}.Debug|Any CPU.ActiveCfg = Debug|Any CPU
		{C986D7E1-9A4F-4AF4-8D83-10C3C4F3A941}.Debug|Any CPU.Build.0 = Debug|Any CPU
		{C986D7E1-9A4F-4AF4-8D83-10C3C4F3A941}.Debug|x64.ActiveCfg = Debug|Any CPU
		{C986D7E1-9A4F-4AF4-8D83-10C3C4F3A941}.Debug|x64.Build.0 = Debug|Any CPU
		{C986D7E1-9A4F-4AF4-8D83-10C3C4F3A941}.Debug|x86.ActiveCfg = Debug|Any CPU
		{C986D7E1-9A4F-4AF4-8D83-10C3C4F3A941}.Debug|x86.Build.0 = Debug|Any CPU
		{C986D7E1-9A4F-4AF4-8D83-10C3C4F3A941}.Release|Any CPU.ActiveCfg = Release|Any CPU
		{C986D7E1-9A4F-4AF4-8D83-10C3C4F3A941}.Release|Any CPU.Build.0 = Release|Any CPU
		{C986D7E1-9A4F-4AF4-8D83-10C3C4F3A941}.Release|x64.ActiveCfg = Release|Any CPU
		{C986D7E1-9A4F-4AF4-8D83-10C3C4F3A941}.Release|x64.Build.0 = Release|Any CPU
		{C986D7E1-9A4F-4AF4-8D83-10C3C4F3A941}.Release|x86.ActiveCfg = Release|Any CPU
		{C986D7E1-9A4F-4AF4-8D83-10C3C4F3A941}.Release|x86.Build.0 = Release|Any CPU
	EndGlobalSection
	GlobalSection(SolutionProperties) = preSolution
		HideSolutionNode = FALSE
	EndGlobalSection
	GlobalSection(NestedProjects) = preSolution
		{105DC501-922E-48BE-AC70-3EB07B6CB95A} = {0AB3BF05-4346-4AA6-1389-037BE0695223}
		{C986D7E1-9A4F-4AF4-8D83-10C3C4F3A941} = {827E0CD3-B72D-47B6-A68D-7590B98EB39B}
	EndGlobalSection
EndGlobal
